
Microsoft Visual Studio Solution File, Format Version 12.00
# Visual Studio 2012
Project("{8BC9CEB8-8B4A-11D0-8D11-00A0C91BC942}") = "Lab13", "Lab13\Lab13.vcxproj", "{95387765-EDCB-4680-8C54-941614BBCFF7}"
EndProject
Global
	GlobalSection(SolutionConfigurationPlatforms) = preSolution
		Debug|Win32 = Debug|Win32
		Release|Win32 = Release|Win32
	EndGlobalSection
	GlobalSection(ProjectConfigurationPlatforms) = postSolution
		{95387765-EDCB-4680-8C54-941614BBCFF7}.Debug|Win32.ActiveCfg = Debug|Win32
		{95387765-EDCB-4680-8C54-941614BBCFF7}.Debug|Win32.Build.0 = Debug|Win32
		{95387765-EDCB-4680-8C54-941614BBCFF7}.Release|Win32.ActiveCfg = Release|Win32
		{95387765-EDCB-4680-8C54-941614BBCFF7}.Release|Win32.Build.0 = Release|Win32
	EndGlobalSection
	GlobalSection(SolutionProperties) = preSolution
		HideSolutionNode = FALSE
	EndGlobalSection
EndGlobal
