
Microsoft Visual Studio Solution File, Format Version 12.00
# Visual Studio 2012
Project("{8BC9CEB8-8B4A-11D0-8D11-00A0C91BC942}") = "Lab12", "Lab12\Lab12.vcxproj", "{D711822D-79AA-4919-8443-D8C3FDAD6E9F}"
EndProject
Global
	GlobalSection(SolutionConfigurationPlatforms) = preSolution
		Debug|Win32 = Debug|Win32
		Release|Win32 = Release|Win32
	EndGlobalSection
	GlobalSection(ProjectConfigurationPlatforms) = postSolution
		{D711822D-79AA-4919-8443-D8C3FDAD6E9F}.Debug|Win32.ActiveCfg = Debug|Win32
		{D711822D-79AA-4919-8443-D8C3FDAD6E9F}.Debug|Win32.Build.0 = Debug|Win32
		{D711822D-79AA-4919-8443-D8C3FDAD6E9F}.Release|Win32.ActiveCfg = Release|Win32
		{D711822D-79AA-4919-8443-D8C3FDAD6E9F}.Release|Win32.Build.0 = Release|Win32
	EndGlobalSection
	GlobalSection(SolutionProperties) = preSolution
		HideSolutionNode = FALSE
	EndGlobalSection
EndGlobal
